// !$*UTF8*$!
{
	archiveVersion = 1;
	classes = {
	};
	objectVersion = 46;
	objects = {

/* Begin PBXBuildFile section */
		1820C6DE1C10734B00102C2C /* main.cpp in Sources */ = {isa = PBXBuildFile; fileRef = 1820C6DD1C10734B00102C2C /* main.cpp */; };
/* End PBXBuildFile section */

/* Begin PBXCopyFilesBuildPhase section */
		1820C6D81C10734B00102C2C /* CopyFiles */ = {
			isa = PBXCopyFilesBuildPhase;
			buildActionMask = 2147483647;
			dstPath = /usr/share/man/man1/;
			dstSubfolderSpec = 0;
			files = (
			);
			runOnlyForDeploymentPostprocessing = 1;
		};
/* End PBXCopyFilesBuildPhase section */

/* Begin PBXFileReference section */
		1820C6DA1C10734B00102C2C /* triz */ = {isa = PBXFileReference; explicitFileType = "compiled.mach-o.executable"; includeInIndex = 0; path = triz; sourceTree = BUILT_PRODUCTS_DIR; };
		1820C6DD1C10734B00102C2C /* main.cpp */ = {isa = PBXFileReference; lastKnownFileType = sourcecode.cpp.cpp; path = main.cpp; sourceTree = "<group>"; };
		1820C6E41C1075B100102C2C /* TechnicalAnalysis.h */ = {isa = PBXFileReference; lastKnownFileType = sourcecode.c.h; path = TechnicalAnalysis.h; sourceTree = "<group>"; };
		1820C6E51C1076D400102C2C /* PhysicField.h */ = {isa = PBXFileReference; lastKnownFileType = sourcecode.c.h; path = PhysicField.h; sourceTree = "<group>"; };
		1820C6E61C1076E000102C2C /* Howto.h */ = {isa = PBXFileReference; lastKnownFileType = sourcecode.c.h; path = Howto.h; sourceTree = "<group>"; };
/* End PBXFileReference section */

/* Begin PBXFrameworksBuildPhase section */
		1820C6D71C10734B00102C2C /* Frameworks */ = {
			isa = PBXFrameworksBuildPhase;
			buildActionMask = 2147483647;
			files = (
			);
			runOnlyForDeploymentPostprocessing = 0;
		};
/* End PBXFrameworksBuildPhase section */

/* Begin PBXGroup section */
		1820C6D11C10734B00102C2C = {
			isa = PBXGroup;
			children = (
				1820C6DC1C10734B00102C2C /* triz */,
				1820C6DB1C10734B00102C2C /* Products */,
			);
			sourceTree = "<group>";
		};
		1820C6DB1C10734B00102C2C /* Products */ = {
			isa = PBXGroup;
			children = (
				1820C6DA1C10734B00102C2C /* triz */,
			);
			name = Products;
			sourceTree = "<group>";
		};
		1820C6DC1C10734B00102C2C /* triz */ = {
			isa = PBXGroup;
			children = (
				1820C6DD1C10734B00102C2C /* main.cpp */,
				1820C6E51C1076D400102C2C /* PhysicField.h */,
				1820C6E61C1076E000102C2C /* Howto.h */,
				1820C6E41C1075B100102C2C /* TechnicalAnalysis.h */,
			);
			path = triz;
			sourceTree = "<group>";
		};
/* End PBXGroup section */

/* Begin PBXNativeTarget section */
		1820C6D91C10734B00102C2C /* triz */ = {
			isa = PBXNativeTarget;
			buildConfigurationList = 1820C6E11C10734B00102C2C /* Build configuration list for PBXNativeTarget "triz" */;
			buildPhases = (
				1820C6D61C10734B00102C2C /* Sources */,
				1820C6D71C10734B00102C2C /* Frameworks */,
				1820C6D81C10734B00102C2C /* CopyFiles */,
			);
			buildRules = (
			);
			dependencies = (
			);
			name = triz;
			productName = triz;
			productReference = 1820C6DA1C10734B00102C2C /* triz */;
			productType = "com.apple.product-type.tool";
		};
/* End PBXNativeTarget section */

/* Begin PBXProject section */
		1820C6D21C10734B00102C2C /* Project object */ = {
			isa = PBXProject;
			attributes = {
				LastUpgradeCheck = 0710;
				ORGANIZATIONNAME = apple;
				TargetAttributes = {
					1820C6D91C10734B00102C2C = {
						CreatedOnToolsVersion = 7.1;
					};
				};
			};
			buildConfigurationList = 1820C6D51C10734B00102C2C /* Build configuration list for PBXProject "triz" */;
			compatibilityVersion = "Xcode 3.2";
			developmentRegion = English;
			hasScannedForEncodings = 0;
			knownRegions = (
				en,
			);
			mainGroup = 1820C6D11C10734B00102C2C;
			productRefGroup = 1820C6DB1C10734B00102C2C /* Products */;
			projectDirPath = "";
			projectRoot = "";
			targets = (
				1820C6D91C10734B00102C2C /* triz */,
			);
		};
/* End PBXProject section */

/* Begin PBXSourcesBuildPhase section */
		1820C6D61C10734B00102C2C /* Sources */ = {
			isa = PBXSourcesBuildPhase;
			buildActionMask = 2147483647;
			files = (
				1820C6DE1C10734B00102C2C /* main.cpp in Sources */,
			);
			runOnlyForDeploymentPostprocessing = 0;
		};
/* End PBXSourcesBuildPhase section */

/* Begin XCBuildConfiguration section */
		1820C6DF1C10734B00102C2C /* Debug */ = {
			isa = XCBuildConfiguration;
			buildSettings = {
				ALWAYS_SEARCH_USER_PATHS = NO;
				CLANG_CXX_LANGUAGE_STANDARD = "gnu++0x";
				CLANG_CXX_LIBRARY = "libc++";
				CLANG_ENABLE_MODULES = YES;
				CLANG_ENABLE_OBJC_ARC = YES;
				CLANG_WARN_BOOL_CONVERSION = YES;
				CLANG_WARN_CONSTANT_CONVERSION = YES;
				CLANG_WARN_DIRECT_OBJC_ISA_USAGE = YES_ERROR;
				CLANG_WARN_EMPTY_BODY = YES;
				CLANG_WARN_ENUM_CONVERSION = YES;
				CLANG_WARN_INT_CONVERSION = YES;
				CLANG_WARN_OBJC_ROOT_CLASS = YES_ERROR;
				CLANG_WARN_UNREACHABLE_CODE = YES;
				CLANG_WARN__DUPLICATE_METHOD_MATCH = YES;
				CODE_SIGN_IDENTITY = "-";
				COPY_PHASE_STRIP = NO;
				DEBUG_INFORMATION_FORMAT = dwarf;
				ENABLE_STRICT_OBJC_MSGSEND = YES;
				ENABLE_TESTABILITY = YES;
				GCC_C_LANGUAGE_STANDARD = gnu99;
				GCC_DYNAMIC_NO_PIC = NO;
				GCC_NO_COMMON_BLOCKS = YES;
				GCC_OPTIMIZATION_LEVEL = 0;
				GCC_PREPROCESSOR_DEFINITIONS = (
					"DEBUG=1",
					"$(inherited)",
				);
				GCC_WARN_64_TO_32_BIT_CONVERSION = YES;
				GCC_WARN_ABOUT_RETURN_TYPE = YES_ERROR;
				GCC_WARN_UNDECLARED_SELECTOR = YES;
				GCC_WARN_UNINITIALIZED_AUTOS = YES_AGGRESSIVE;
				GCC_WARN_UNUSED_FUNCTION = YES;
				GCC_WARN_UNUSED_VARIABLE = YES;
				MACOSX_DEPLOYMENT_TARGET = 10.10;
				MTL_ENABLE_DEBUG_INFO = YES;
				ONLY_ACTIVE_ARCH = YES;
				SDKROOT = macosx;
			};
			name = Debug;
		};
		1820C6E01C10734B00102C2C /* Release */ = {
			isa = XCBuildConfiguration;
			buildSettings = {
				ALWAYS_SEARCH_USER_PATHS = NO;
				CLANG_CXX_LANGUAGE_STANDARD = "gnu++0x";
				CLANG_CXX_LIBRARY = "libc++";
				CLANG_ENABLE_MODULES = YES;
				CLANG_ENABLE_OBJC_ARC = YES;
				CLANG_WARN_BOOL_CONVERSION = YES;
				CLANG_WARN_CONSTANT_CONVERSION = YES;
				CLANG_WARN_DIRECT_OBJC_ISA_USAGE = YES_ERROR;
				CLANG_WARN_EMPTY_BODY = YES;
				CLANG_WARN_ENUM_CONVERSION = YES;
				CLANG_WARN_INT_CONVERSION = YES;
				CLANG_WARN_OBJC_ROOT_CLASS = YES_ERROR;
				CLANG_WARN_UNREACHABLE_CODE = YES;
				CLANG_WARN__DUPLICATE_METHOD_MATCH = YES;
				CODE_SIGN_IDENTITY = "-";
				COPY_PHASE_STRIP = NO;
				DEBUG_INFORMATION_FORMAT = "dwarf-with-dsym";
				ENABLE_NS_ASSERTIONS = NO;
				ENABLE_STRICT_OBJC_MSGSEND = YES;
				GCC_C_LANGUAGE_STANDARD = gnu99;
				GCC_NO_COMMON_BLOCKS = YES;
				GCC_WARN_64_TO_32_BIT_CONVERSION = YES;
				GCC_WARN_ABOUT_RETURN_TYPE = YES_ERROR;
				GCC_WARN_UNDECLARED_SELECTOR = YES;
				GCC_WARN_UNINITIALIZED_AUTOS = YES_AGGRESSIVE;
				GCC_WARN_UNUSED_FUNCTION = YES;
				GCC_WARN_UNUSED_VARIABLE = YES;
				MACOSX_DEPLOYMENT_TARGET = 10.10;
				MTL_ENABLE_DEBUG_INFO = NO;
				SDKROOT = macosx;
			};
			name = Release;
		};
		1820C6E21C10734B00102C2C /* Debug */ = {
			isa = XCBuildConfiguration;
			buildSettings = {
				PRODUCT_NAME = "$(TARGET_NAME)";
			};
			name = Debug;
		};
		1820C6E31C10734B00102C2C /* Release */ = {
			isa = XCBuildConfiguration;
			buildSettings = {
				PRODUCT_NAME = "$(TARGET_NAME)";
			};
			name = Release;
		};
/* End XCBuildConfiguration section */

/* Begin XCConfigurationList section */
		1820C6D51C10734B00102C2C /* Build configuration list for PBXProject "triz" */ = {
			isa = XCConfigurationList;
			buildConfigurations = (
				1820C6DF1C10734B00102C2C /* Debug */,
				1820C6E01C10734B00102C2C /* Release */,
			);
			defaultConfigurationIsVisible = 0;
			defaultConfigurationName = Release;
		};
		1820C6E11C10734B00102C2C /* Build configuration list for PBXNativeTarget "triz" */ = {
			isa = XCConfigurationList;
			buildConfigurations = (
				1820C6E21C10734B00102C2C /* Debug */,
				1820C6E31C10734B00102C2C /* Release */,
			);
			defaultConfigurationIsVisible = 0;
		};
/* End XCConfigurationList section */
	};
	rootObject = 1820C6D21C10734B00102C2C /* Project object */;
}
